Microsoft Visual Studio Solution File, Format Version 12.00
# Visual Studio 2012
Project("{E24C65DC-7377-472B-9ABA-BC803B73C61A}") = "Site", "Site", "{407B75C1-DF84-479F-BD54-F5A5D7012034}"
	ProjectSection(WebsiteProperties) = preProject		
		TargetFrameworkMoniker = ".NETFramework,Version%3Dv4.7.1"
		VWDPort = "4445"
		VWDDynamicPort = "false"
	EndProjectSection
EndProject
Global
	GlobalSection(SolutionConfigurationPlatforms) = preSolution
		Debug|Any CPU = Debug|Any CPU
	EndGlobalSection
	GlobalSection(ProjectConfigurationPlatforms) = postSolution
		{407B75C1-DF84-479F-BD54-F5A5D7012034}.Debug|Any CPU.ActiveCfg = Debug|Any CPU
		{407B75C1-DF84-479F-BD54-F5A5D7012034}.Debug|Any CPU.Build.0 = Debug|Any CPU
	EndGlobalSection
	GlobalSection(SolutionProperties) = preSolution
		HideSolutionNode = FALSE
	EndGlobalSection
EndGlobal
